// !$*UTF8*$!
{
	archiveVersion = 1;
	classes = {
	};
	objectVersion = 46;
	objects = {

/* Begin PBXBuildFile section */
		19CBB9D21F135CA800875DD2 /* AppDelegate.swift in Sources */ = {isa = PBXBuildFile; fileRef = 19CBB9D11F135CA800875DD2 /* AppDelegate.swift */; };
		19CBB9D41F135CA800875DD2 /* ViewController.swift in Sources */ = {isa = PBXBuildFile; fileRef = 19CBB9D31F135CA800875DD2 /* ViewController.swift */; };
		19CBB9D71F135CA800875DD2 /* Main.storyboard in Resources */ = {isa = PBXBuildFile; fileRef = 19CBB9D51F135CA800875DD2 /* Main.storyboard */; };
		19CBB9D91F135CA800875DD2 /* Assets.xcassets in Resources */ = {isa = PBXBuildFile; fileRef = 19CBB9D81F135CA800875DD2 /* Assets.xcassets */; };
		19CBB9DC1F135CA800875DD2 /* LaunchScreen.storyboard in Resources */ = {isa = PBXBuildFile; fileRef = 19CBB9DA1F135CA800875DD2 /* LaunchScreen.storyboard */; };
		19CBB9E71F135CA800875DD2 /* FactoryMethodTests.swift in Sources */ = {isa = PBXBuildFile; fileRef = 19CBB9E61F135CA800875DD2 /* FactoryMethodTests.swift */; };
		19CBB9F21F135CA800875DD2 /* FactoryMethodUITests.swift in Sources */ = {isa = PBXBuildFile; fileRef = 19CBB9F11F135CA800875DD2 /* FactoryMethodUITests.swift */; };
		19CBBA001F135CC000875DD2 /* Creator.swift in Sources */ = {isa = PBXBuildFile; fileRef = 19CBB9FF1F135CC000875DD2 /* Creator.swift */; };
		19CBBA021F135DCA00875DD2 /* Product.swift in Sources */ = {isa = PBXBuildFile; fileRef = 19CBBA011F135DCA00875DD2 /* Product.swift */; };
		19CBBA041F135FC400875DD2 /* ConcreteProduct.swift in Sources */ = {isa = PBXBuildFile; fileRef = 19CBBA031F135FC400875DD2 /* ConcreteProduct.swift */; };
		19CBBA081F1363DC00875DD2 /* ConcreteCreator.swift in Sources */ = {isa = PBXBuildFile; fileRef = 19CBBA071F1363DC00875DD2 /* ConcreteCreator.swift */; };
/* End PBXBuildFile section */

/* Begin PBXContainerItemProxy section */
		19CBB9E31F135CA800875DD2 /* PBXContainerItemProxy */ = {
			isa = PBXContainerItemProxy;
			containerPortal = 19CBB9C61F135CA800875DD2 /* Project object */;
			proxyType = 1;
			remoteGlobalIDString = 19CBB9CD1F135CA800875DD2;
			remoteInfo = FactoryMethod;
		};
		19CBB9EE1F135CA800875DD2 /* PBXContainerItemProxy */ = {
			isa = PBXContainerItemProxy;
			containerPortal = 19CBB9C61F135CA800875DD2 /* Project object */;
			proxyType = 1;
			remoteGlobalIDString = 19CBB9CD1F135CA800875DD2;
			remoteInfo = FactoryMethod;
		};
/* End PBXContainerItemProxy section */

/* Begin PBXFileReference section */
		19CBB9CE1F135CA800875DD2 /* FactoryMethod.app */ = {isa = PBXFileReference; explicitFileType = wrapper.application; includeInIndex = 0; path = FactoryMethod.app; sourceTree = BUILT_PRODUCTS_DIR; };
		19CBB9D11F135CA800875DD2 /* AppDelegate.swift */ = {isa = PBXFileReference; lastKnownFileType = sourcecode.swift; path = AppDelegate.swift; sourceTree = "<group>"; };
		19CBB9D31F135CA800875DD2 /* ViewController.swift */ = {isa = PBXFileReference; lastKnownFileType = sourcecode.swift; path = ViewController.swift; sourceTree = "<group>"; };
		19CBB9D61F135CA800875DD2 /* Base */ = {isa = PBXFileReference; lastKnownFileType = file.storyboard; name = Base; path = Base.lproj/Main.storyboard; sourceTree = "<group>"; };
		19CBB9D81F135CA800875DD2 /* Assets.xcassets */ = {isa = PBXFileReference; lastKnownFileType = folder.assetcatalog; path = Assets.xcassets; sourceTree = "<group>"; };
		19CBB9DB1F135CA800875DD2 /* Base */ = {isa = PBXFileReference; lastKnownFileType = file.storyboard; name = Base; path = Base.lproj/LaunchScreen.storyboard; sourceTree = "<group>"; };
		19CBB9DD1F135CA800875DD2 /* Info.plist */ = {isa = PBXFileReference; lastKnownFileType = text.plist.xml; path = Info.plist; sourceTree = "<group>"; };
		19CBB9E21F135CA800875DD2 /* FactoryMethodTests.xctest */ = {isa = PBXFileReference; explicitFileType = wrapper.cfbundle; includeInIndex = 0; path = FactoryMethodTests.xctest; sourceTree = BUILT_PRODUCTS_DIR; };
		19CBB9E61F135CA800875DD2 /* FactoryMethodTests.swift */ = {isa = PBXFileReference; lastKnownFileType = sourcecode.swift; path = FactoryMethodTests.swift; sourceTree = "<group>"; };
		19CBB9E81F135CA800875DD2 /* Info.plist */ = {isa = PBXFileReference; lastKnownFileType = text.plist.xml; path = Info.plist; sourceTree = "<group>"; };
		19CBB9ED1F135CA800875DD2 /* FactoryMethodUITests.xctest */ = {isa = PBXFileReference; explicitFileType = wrapper.cfbundle; includeInIndex = 0; path = FactoryMethodUITests.xctest; sourceTree = BUILT_PRODUCTS_DIR; };
		19CBB9F11F135CA800875DD2 /* FactoryMethodUITests.swift */ = {isa = PBXFileReference; lastKnownFileType = sourcecode.swift; path = FactoryMethodUITests.swift; sourceTree = "<group>"; };
		19CBB9F31F135CA800875DD2 /* Info.plist */ = {isa = PBXFileReference; lastKnownFileType = text.plist.xml; path = Info.plist; sourceTree = "<group>"; };
		19CBB9FF1F135CC000875DD2 /* Creator.swift */ = {isa = PBXFileReference; fileEncoding = 4; lastKnownFileType = sourcecode.swift; path = Creator.swift; sourceTree = "<group>"; };
		19CBBA011F135DCA00875DD2 /* Product.swift */ = {isa = PBXFileReference; fileEncoding = 4; lastKnownFileType = sourcecode.swift; path = Product.swift; sourceTree = "<group>"; };
		19CBBA031F135FC400875DD2 /* ConcreteProduct.swift */ = {isa = PBXFileReference; fileEncoding = 4; lastKnownFileType = sourcecode.swift; path = ConcreteProduct.swift; sourceTree = "<group>"; };
		19CBBA071F1363DC00875DD2 /* ConcreteCreator.swift */ = {isa = PBXFileReference; fileEncoding = 4; lastKnownFileType = sourcecode.swift; path = ConcreteCreator.swift; sourceTree = "<group>"; };
/* End PBXFileReference section */

/* Begin PBXFrameworksBuildPhase section */
		19CBB9CB1F135CA800875DD2 /* Frameworks */ = {
			isa = PBXFrameworksBuildPhase;
			buildActionMask = 2147483647;
			files = (
			);
			runOnlyForDeploymentPostprocessing = 0;
		};
		19CBB9DF1F135CA800875DD2 /* Frameworks */ = {
			isa = PBXFrameworksBuildPhase;
			buildActionMask = 2147483647;
			files = (
			);
			runOnlyForDeploymentPostprocessing = 0;
		};
		19CBB9EA1F135CA800875DD2 /* Frameworks */ = {
			isa = PBXFrameworksBuildPhase;
			buildActionMask = 2147483647;
			files = (
			);
			runOnlyForDeploymentPostprocessing = 0;
		};
/* End PBXFrameworksBuildPhase section */

/* Begin PBXGroup section */
		19CBB9C51F135CA700875DD2 = {
			isa = PBXGroup;
			children = (
				19CBB9D01F135CA800875DD2 /* FactoryMethod */,
				19CBB9E51F135CA800875DD2 /* FactoryMethodTests */,
				19CBB9F01F135CA800875DD2 /* FactoryMethodUITests */,
				19CBB9CF1F135CA800875DD2 /* Products */,
			);
			sourceTree = "<group>";
		};
		19CBB9CF1F135CA800875DD2 /* Products */ = {
			isa = PBXGroup;
			children = (
				19CBB9CE1F135CA800875DD2 /* FactoryMethod.app */,
				19CBB9E21F135CA800875DD2 /* FactoryMethodTests.xctest */,
				19CBB9ED1F135CA800875DD2 /* FactoryMethodUITests.xctest */,
			);
			name = Products;
			sourceTree = "<group>";
		};
		19CBB9D01F135CA800875DD2 /* FactoryMethod */ = {
			isa = PBXGroup;
			children = (
				19CBB9D11F135CA800875DD2 /* AppDelegate.swift */,
				19CBB9D31F135CA800875DD2 /* ViewController.swift */,
				19CBB9FF1F135CC000875DD2 /* Creator.swift */,
				19CBBA011F135DCA00875DD2 /* Product.swift */,
				19CBBA071F1363DC00875DD2 /* ConcreteCreator.swift */,
				19CBBA031F135FC400875DD2 /* ConcreteProduct.swift */,
				19CBB9D51F135CA800875DD2 /* Main.storyboard */,
				19CBB9D81F135CA800875DD2 /* Assets.xcassets */,
				19CBB9DA1F135CA800875DD2 /* LaunchScreen.storyboard */,
				19CBB9DD1F135CA800875DD2 /* Info.plist */,
			);
			path = FactoryMethod;
			sourceTree = "<group>";
		};
		19CBB9E51F135CA800875DD2 /* FactoryMethodTests */ = {
			isa = PBXGroup;
			children = (
				19CBB9E61F135CA800875DD2 /* FactoryMethodTests.swift */,
				19CBB9E81F135CA800875DD2 /* Info.plist */,
			);
			path = FactoryMethodTests;
			sourceTree = "<group>";
		};
		19CBB9F01F135CA800875DD2 /* FactoryMethodUITests */ = {
			isa = PBXGroup;
			children = (
				19CBB9F11F135CA800875DD2 /* FactoryMethodUITests.swift */,
				19CBB9F31F135CA800875DD2 /* Info.plist */,
			);
			path = FactoryMethodUITests;
			sourceTree = "<group>";
		};
/* End PBXGroup section */

/* Begin PBXNativeTarget section */
		19CBB9CD1F135CA800875DD2 /* FactoryMethod */ = {
			isa = PBXNativeTarget;
			buildConfigurationList = 19CBB9F61F135CA800875DD2 /* Build configuration list for PBXNativeTarget "FactoryMethod" */;
			buildPhases = (
				19CBB9CA1F135CA800875DD2 /* Sources */,
				19CBB9CB1F135CA800875DD2 /* Frameworks */,
				19CBB9CC1F135CA800875DD2 /* Resources */,
			);
			buildRules = (
			);
			dependencies = (
			);
			name = FactoryMethod;
			productName = FactoryMethod;
			productReference = 19CBB9CE1F135CA800875DD2 /* FactoryMethod.app */;
			productType = "com.apple.product-type.application";
		};
		19CBB9E11F135CA800875DD2 /* FactoryMethodTests */ = {
			isa = PBXNativeTarget;
			buildConfigurationList = 19CBB9F91F135CA800875DD2 /* Build configuration list for PBXNativeTarget "FactoryMethodTests" */;
			buildPhases = (
				19CBB9DE1F135CA800875DD2 /* Sources */,
				19CBB9DF1F135CA800875DD2 /* Frameworks */,
				19CBB9E01F135CA800875DD2 /* Resources */,
			);
			buildRules = (
			);
			dependencies = (
				19CBB9E41F135CA800875DD2 /* PBXTargetDependency */,
			);
			name = FactoryMethodTests;
			productName = FactoryMethodTests;
			productReference = 19CBB9E21F135CA800875DD2 /* FactoryMethodTests.xctest */;
			productType = "com.apple.product-type.bundle.unit-test";
		};
		19CBB9EC1F135CA800875DD2 /* FactoryMethodUITests */ = {
			isa = PBXNativeTarget;
			buildConfigurationList = 19CBB9FC1F135CA800875DD2 /* Build configuration list for PBXNativeTarget "FactoryMethodUITests" */;
			buildPhases = (
				19CBB9E91F135CA800875DD2 /* Sources */,
				19CBB9EA1F135CA800875DD2 /* Frameworks */,
				19CBB9EB1F135CA800875DD2 /* Resources */,
			);
			buildRules = (
			);
			dependencies = (
				19CBB9EF1F135CA800875DD2 /* PBXTargetDependency */,
			);
			name = FactoryMethodUITests;
			productName = FactoryMethodUITests;
			productReference = 19CBB9ED1F135CA800875DD2 /* FactoryMethodUITests.xctest */;
			productType = "com.apple.product-type.bundle.ui-testing";
		};
/* End PBXNativeTarget section */

/* Begin PBXProject section */
		19CBB9C61F135CA800875DD2 /* Project object */ = {
			isa = PBXProject;
			attributes = {
				LastSwiftUpdateCheck = 0830;
				LastUpgradeCheck = 0830;
				ORGANIZATIONNAME = "kzms33-4.com";
				TargetAttributes = {
					19CBB9CD1F135CA800875DD2 = {
						CreatedOnToolsVersion = 8.3.3;
						DevelopmentTeam = JY4BKM8DT7;
						ProvisioningStyle = Automatic;
					};
					19CBB9E11F135CA800875DD2 = {
						CreatedOnToolsVersion = 8.3.3;
						DevelopmentTeam = JY4BKM8DT7;
						ProvisioningStyle = Automatic;
						TestTargetID = 19CBB9CD1F135CA800875DD2;
					};
					19CBB9EC1F135CA800875DD2 = {
						CreatedOnToolsVersion = 8.3.3;
						DevelopmentTeam = JY4BKM8DT7;
						ProvisioningStyle = Automatic;
						TestTargetID = 19CBB9CD1F135CA800875DD2;
					};
				};
			};
			buildConfigurationList = 19CBB9C91F135CA800875DD2 /* Build configuration list for PBXProject "FactoryMethod" */;
			compatibilityVersion = "Xcode 3.2";
			developmentRegion = English;
			hasScannedForEncodings = 0;
			knownRegions = (
				en,
				Base,
			);
			mainGroup = 19CBB9C51F135CA700875DD2;
			productRefGroup = 19CBB9CF1F135CA800875DD2 /* Products */;
			projectDirPath = "";
			projectRoot = "";
			targets = (
				19CBB9CD1F135CA800875DD2 /* FactoryMethod */,
				19CBB9E11F135CA800875DD2 /* FactoryMethodTests */,
				19CBB9EC1F135CA800875DD2 /* FactoryMethodUITests */,
			);
		};
/* End PBXProject section */

/* Begin PBXResourcesBuildPhase section */
		19CBB9CC1F135CA800875DD2 /* Resources */ = {
			isa = PBXResourcesBuildPhase;
			buildActionMask = 2147483647;
			files = (
				19CBB9DC1F135CA800875DD2 /* LaunchScreen.storyboard in Resources */,
				19CBB9D91F135CA800875DD2 /* Assets.xcassets in Resources */,
				19CBB9D71F135CA800875DD2 /* Main.storyboard in Resources */,
			);
			runOnlyForDeploymentPostprocessing = 0;
		};
		19CBB9E01F135CA800875DD2 /* Resources */ = {
			isa = PBXResourcesBuildPhase;
			buildActionMask = 2147483647;
			files = (
			);
			runOnlyForDeploymentPostprocessing = 0;
		};
		19CBB9EB1F135CA800875DD2 /* Resources */ = {
			isa = PBXResourcesBuildPhase;
			buildActionMask = 2147483647;
			files = (
			);
			runOnlyForDeploymentPostprocessing = 0;
		};
/* End PBXResourcesBuildPhase section */

/* Begin PBXSourcesBuildPhase section */
		19CBB9CA1F135CA800875DD2 /* Sources */ = {
			isa = PBXSourcesBuildPhase;
			buildActionMask = 2147483647;
			files = (
				19CBB9D41F135CA800875DD2 /* ViewController.swift in Sources */,
				19CBBA021F135DCA00875DD2 /* Product.swift in Sources */,
				19CBBA001F135CC000875DD2 /* Creator.swift in Sources */,
				19CBBA081F1363DC00875DD2 /* ConcreteCreator.swift in Sources */,
				19CBBA041F135FC400875DD2 /* ConcreteProduct.swift in Sources */,
				19CBB9D21F135CA800875DD2 /* AppDelegate.swift in Sources */,
			);
			runOnlyForDeploymentPostprocessing = 0;
		};
		19CBB9DE1F135CA800875DD2 /* Sources */ = {
			isa = PBXSourcesBuildPhase;
			buildActionMask = 2147483647;
			files = (
				19CBB9E71F135CA800875DD2 /* FactoryMethodTests.swift in Sources */,
			);
			runOnlyForDeploymentPostprocessing = 0;
		};
		19CBB9E91F135CA800875DD2 /* Sources */ = {
			isa = PBXSourcesBuildPhase;
			buildActionMask = 2147483647;
			files = (
				19CBB9F21F135CA800875DD2 /* FactoryMethodUITests.swift in Sources */,
			);
			runOnlyForDeploymentPostprocessing = 0;
		};
/* End PBXSourcesBuildPhase section */

/* Begin PBXTargetDependency section */
		19CBB9E41F135CA800875DD2 /* PBXTargetDependency */ = {
			isa = PBXTargetDependency;
			target = 19CBB9CD1F135CA800875DD2 /* FactoryMethod */;
			targetProxy = 19CBB9E31F135CA800875DD2 /* PBXContainerItemProxy */;
		};
		19CBB9EF1F135CA800875DD2 /* PBXTargetDependency */ = {
			isa = PBXTargetDependency;
			target = 19CBB9CD1F135CA800875DD2 /* FactoryMethod */;
			targetProxy = 19CBB9EE1F135CA800875DD2 /* PBXContainerItemProxy */;
		};
/* End PBXTargetDependency section */

/* Begin PBXVariantGroup section */
		19CBB9D51F135CA800875DD2 /* Main.storyboard */ = {
			isa = PBXVariantGroup;
			children = (
				19CBB9D61F135CA800875DD2 /* Base */,
			);
			name = Main.storyboard;
			sourceTree = "<group>";
		};
		19CBB9DA1F135CA800875DD2 /* LaunchScreen.storyboard */ = {
			isa = PBXVariantGroup;
			children = (
				19CBB9DB1F135CA800875DD2 /* Base */,
			);
			name = LaunchScreen.storyboard;
			sourceTree = "<group>";
		};
/* End PBXVariantGroup section */

/* Begin XCBuildConfiguration section */
		19CBB9F41F135CA800875DD2 /* Debug */ = {
			isa = XCBuildConfiguration;
			buildSettings = {
				ALWAYS_SEARCH_USER_PATHS = NO;
				CLANG_ANALYZER_NONNULL = YES;
				CLANG_ANALYZER_NUMBER_OBJECT_CONVERSION = YES_AGGRESSIVE;
				CLANG_CXX_LANGUAGE_STANDARD = "gnu++0x";
				CLANG_CXX_LIBRARY = "libc++";
				CLANG_ENABLE_MODULES = YES;
				CLANG_ENABLE_OBJC_ARC = YES;
				CLANG_WARN_BOOL_CONVERSION = YES;
				CLANG_WARN_CONSTANT_CONVERSION = YES;
				CLANG_WARN_DIRECT_OBJC_ISA_USAGE = YES_ERROR;
				CLANG_WARN_DOCUMENTATION_COMMENTS = YES;
				CLANG_WARN_EMPTY_BODY = YES;
				CLANG_WARN_ENUM_CONVERSION = YES;
				CLANG_WARN_INFINITE_RECURSION = YES;
				CLANG_WARN_INT_CONVERSION = YES;
				CLANG_WARN_OBJC_ROOT_CLASS = YES_ERROR;
				CLANG_WARN_SUSPICIOUS_MOVE = YES;
				CLANG_WARN_UNREACHABLE_CODE = YES;
				CLANG_WARN__DUPLICATE_METHOD_MATCH = YES;
				"CODE_SIGN_IDENTITY[sdk=iphoneos*]" = "iPhone Developer";
				COPY_PHASE_STRIP = NO;
				DEBUG_INFORMATION_FORMAT = dwarf;
				ENABLE_STRICT_OBJC_MSGSEND = YES;
				ENABLE_TESTABILITY = YES;
				GCC_C_LANGUAGE_STANDARD = gnu99;
				GCC_DYNAMIC_NO_PIC = NO;
				GCC_NO_COMMON_BLOCKS = YES;
				GCC_OPTIMIZATION_LEVEL = 0;
				GCC_PREPROCESSOR_DEFINITIONS = (
					"DEBUG=1",
					"$(inherited)",
				);
				GCC_WARN_64_TO_32_BIT_CONVERSION = YES;
				GCC_WARN_ABOUT_RETURN_TYPE = YES_ERROR;
				GCC_WARN_UNDECLARED_SELECTOR = YES;
				GCC_WARN_UNINITIALIZED_AUTOS = YES_AGGRESSIVE;
				GCC_WARN_UNUSED_FUNCTION = YES;
				GCC_WARN_UNUSED_VARIABLE = YES;
				IPHONEOS_DEPLOYMENT_TARGET = 10.3;
				MTL_ENABLE_DEBUG_INFO = YES;
				ONLY_ACTIVE_ARCH = YES;
				SDKROOT = iphoneos;
				SWIFT_ACTIVE_COMPILATION_CONDITIONS = DEBUG;
				SWIFT_OPTIMIZATION_LEVEL = "-Onone";
				TARGETED_DEVICE_FAMILY = "1,2";
			};
			name = Debug;
		};
		19CBB9F51F135CA800875DD2 /* Release */ = {
			isa = XCBuildConfiguration;
			buildSettings = {
				ALWAYS_SEARCH_USER_PATHS = NO;
				CLANG_ANALYZER_NONNULL = YES;
				CLANG_ANALYZER_NUMBER_OBJECT_CONVERSION = YES_AGGRESSIVE;
				CLANG_CXX_LANGUAGE_STANDARD = "gnu++0x";
				CLANG_CXX_LIBRARY = "libc++";
				CLANG_ENABLE_MODULES = YES;
				CLANG_ENABLE_OBJC_ARC = YES;
				CLANG_WARN_BOOL_CONVERSION = YES;
				CLANG_WARN_CONSTANT_CONVERSION = YES;
				CLANG_WARN_DIRECT_OBJC_ISA_USAGE = YES_ERROR;
				CLANG_WARN_DOCUMENTATION_COMMENTS = YES;
				CLANG_WARN_EMPTY_BODY = YES;
				CLANG_WARN_ENUM_CONVERSION = YES;
				CLANG_WARN_INFINITE_RECURSION = YES;
				CLANG_WARN_INT_CONVERSION = YES;
				CLANG_WARN_OBJC_ROOT_CLASS = YES_ERROR;
				CLANG_WARN_SUSPICIOUS_MOVE = YES;
				CLANG_WARN_UNREACHABLE_CODE = YES;
				CLANG_WARN__DUPLICATE_METHOD_MATCH = YES;
				"CODE_SIGN_IDENTITY[sdk=iphoneos*]" = "iPhone Developer";
				COPY_PHASE_STRIP = NO;
				DEBUG_INFORMATION_FORMAT = "dwarf-with-dsym";
				ENABLE_NS_ASSERTIONS = NO;
				ENABLE_STRICT_OBJC_MSGSEND = YES;
				GCC_C_LANGUAGE_STANDARD = gnu99;
				GCC_NO_COMMON_BLOCKS = YES;
				GCC_WARN_64_TO_32_BIT_CONVERSION = YES;
				GCC_WARN_ABOUT_RETURN_TYPE = YES_ERROR;
				GCC_WARN_UNDECLARED_SELECTOR = YES;
				GCC_WARN_UNINITIALIZED_AUTOS = YES_AGGRESSIVE;
				GCC_WARN_UNUSED_FUNCTION = YES;
				GCC_WARN_UNUSED_VARIABLE = YES;
				IPHONEOS_DEPLOYMENT_TARGET = 10.3;
				MTL_ENABLE_DEBUG_INFO = NO;
				SDKROOT = iphoneos;
				SWIFT_OPTIMIZATION_LEVEL = "-Owholemodule";
				TARGETED_DEVICE_FAMILY = "1,2";
				VALIDATE_PRODUCT = YES;
			};
			name = Release;
		};
		19CBB9F71F135CA800875DD2 /* Debug */ = {
			isa = XCBuildConfiguration;
			buildSettings = {
				ASSETCATALOG_COMPILER_APPICON_NAME = AppIcon;
				DEVELOPMENT_TEAM = JY4BKM8DT7;
				INFOPLIST_FILE = FactoryMethod/Info.plist;
				LD_RUNPATH_SEARCH_PATHS = "$(inherited) @executable_path/Frameworks";
				PRODUCT_BUNDLE_IDENTIFIER = "com.kzms33-4.FactoryMethod";
				PRODUCT_NAME = "$(TARGET_NAME)";
				SWIFT_VERSION = 3.0;
			};
			name = Debug;
		};
		19CBB9F81F135CA800875DD2 /* Release */ = {
			isa = XCBuildConfiguration;
			buildSettings = {
				ASSETCATALOG_COMPILER_APPICON_NAME = AppIcon;
				DEVELOPMENT_TEAM = JY4BKM8DT7;
				INFOPLIST_FILE = FactoryMethod/Info.plist;
				LD_RUNPATH_SEARCH_PATHS = "$(inherited) @executable_path/Frameworks";
				PRODUCT_BUNDLE_IDENTIFIER = "com.kzms33-4.FactoryMethod";
				PRODUCT_NAME = "$(TARGET_NAME)";
				SWIFT_VERSION = 3.0;
			};
			name = Release;
		};
		19CBB9FA1F135CA800875DD2 /* Debug */ = {
			isa = XCBuildConfiguration;
			buildSettings = {
				ALWAYS_EMBED_SWIFT_STANDARD_LIBRARIES = YES;
				BUNDLE_LOADER = "$(TEST_HOST)";
				DEVELOPMENT_TEAM = JY4BKM8DT7;
				INFOPLIST_FILE = FactoryMethodTests/Info.plist;
				LD_RUNPATH_SEARCH_PATHS = "$(inherited) @executable_path/Frameworks @loader_path/Frameworks";
				PRODUCT_BUNDLE_IDENTIFIER = "com.kzms33-4.FactoryMethodTests";
				PRODUCT_NAME = "$(TARGET_NAME)";
				SWIFT_VERSION = 3.0;
				TEST_HOST = "$(BUILT_PRODUCTS_DIR)/FactoryMethod.app/FactoryMethod";
			};
			name = Debug;
		};
		19CBB9FB1F135CA800875DD2 /* Release */ = {
			isa = XCBuildConfiguration;
			buildSettings = {
				ALWAYS_EMBED_SWIFT_STANDARD_LIBRARIES = YES;
				BUNDLE_LOADER = "$(TEST_HOST)";
				DEVELOPMENT_TEAM = JY4BKM8DT7;
				INFOPLIST_FILE = FactoryMethodTests/Info.plist;
				LD_RUNPATH_SEARCH_PATHS = "$(inherited) @executable_path/Frameworks @loader_path/Frameworks";
				PRODUCT_BUNDLE_IDENTIFIER = "com.kzms33-4.FactoryMethodTests";
				PRODUCT_NAME = "$(TARGET_NAME)";
				SWIFT_VERSION = 3.0;
				TEST_HOST = "$(BUILT_PRODUCTS_DIR)/FactoryMethod.app/FactoryMethod";
			};
			name = Release;
		};
		19CBB9FD1F135CA800875DD2 /* Debug */ = {
			isa = XCBuildConfiguration;
			buildSettings = {
				ALWAYS_EMBED_SWIFT_STANDARD_LIBRARIES = YES;
				DEVELOPMENT_TEAM = JY4BKM8DT7;
				INFOPLIST_FILE = FactoryMethodUITests/Info.plist;
				LD_RUNPATH_SEARCH_PATHS = "$(inherited) @executable_path/Frameworks @loader_path/Frameworks";
				PRODUCT_BUNDLE_IDENTIFIER = "com.kzms33-4.FactoryMethodUITests";
				PRODUCT_NAME = "$(TARGET_NAME)";
				SWIFT_VERSION = 3.0;
				TEST_TARGET_NAME = FactoryMethod;
			};
			name = Debug;
		};
		19CBB9FE1F135CA800875DD2 /* Release */ = {
			isa = XCBuildConfiguration;
			buildSettings = {
				ALWAYS_EMBED_SWIFT_STANDARD_LIBRARIES = YES;
				DEVELOPMENT_TEAM = JY4BKM8DT7;
				INFOPLIST_FILE = FactoryMethodUITests/Info.plist;
				LD_RUNPATH_SEARCH_PATHS = "$(inherited) @executable_path/Frameworks @loader_path/Frameworks";
				PRODUCT_BUNDLE_IDENTIFIER = "com.kzms33-4.FactoryMethodUITests";
				PRODUCT_NAME = "$(TARGET_NAME)";
				SWIFT_VERSION = 3.0;
				TEST_TARGET_NAME = FactoryMethod;
			};
			name = Release;
		};
/* End XCBuildConfiguration section */

/* Begin XCConfigurationList section */
		19CBB9C91F135CA800875DD2 /* Build configuration list for PBXProject "FactoryMethod" */ = {
			isa = XCConfigurationList;
			buildConfigurations = (
				19CBB9F41F135CA800875DD2 /* Debug */,
				19CBB9F51F135CA800875DD2 /* Release */,
			);
			defaultConfigurationIsVisible = 0;
			defaultConfigurationName = Release;
		};
		19CBB9F61F135CA800875DD2 /* Build configuration list for PBXNativeTarget "FactoryMethod" */ = {
			isa = XCConfigurationList;
			buildConfigurations = (
				19CBB9F71F135CA800875DD2 /* Debug */,
				19CBB9F81F135CA800875DD2 /* Release */,
			);
			defaultConfigurationIsVisible = 0;
		};
		19CBB9F91F135CA800875DD2 /* Build configuration list for PBXNativeTarget "FactoryMethodTests" */ = {
			isa = XCConfigurationList;
			buildConfigurations = (
				19CBB9FA1F135CA800875DD2 /* Debug */,
				19CBB9FB1F135CA800875DD2 /* Release */,
			);
			defaultConfigurationIsVisible = 0;
		};
		19CBB9FC1F135CA800875DD2 /* Build configuration list for PBXNativeTarget "FactoryMethodUITests" */ = {
			isa = XCConfigurationList;
			buildConfigurations = (
				19CBB9FD1F135CA800875DD2 /* Debug */,
				19CBB9FE1F135CA800875DD2 /* Release */,
			);
			defaultConfigurationIsVisible = 0;
		};
/* End XCConfigurationList section */
	};
	rootObject = 19CBB9C61F135CA800875DD2 /* Project object */;
}
